
Microsoft Visual Studio Solution File, Format Version 12.00
# Visual Studio Version 17
VisualStudioVersion = 17.13.35931.197 d17.13
MinimumVisualStudioVersion = 10.0.40219.1
Project("{FAE04EC0-301F-11D3-BF4B-00C04F79EFBC}") = "DemoApp", "DemoApp\DemoApp.csproj", "{4497B820-5D38-4238-817F-A201F2C75695}"
EndProject
Global
	GlobalSection(SolutionConfigurationPlatforms) = preSolution
		Debug|Any CPU = Debug|Any CPU
		Release|Any CPU = Release|Any CPU
	EndGlobalSection
	GlobalSection(ProjectConfigurationPlatforms) = postSolution
		{4497B820-5D38-4238-817F-A201F2C75695}.Debug|Any CPU.ActiveCfg = Debug|Any CPU
		{4497B820-5D38-4238-817F-A201F2C75695}.Debug|Any CPU.Build.0 = Debug|Any CPU
		{4497B820-5D38-4238-817F-A201F2C75695}.Release|Any CPU.ActiveCfg = Release|Any CPU
		{4497B820-5D38-4238-817F-A201F2C75695}.Release|Any CPU.Build.0 = Release|Any CPU
	EndGlobalSection
	GlobalSection(SolutionProperties) = preSolution
		HideSolutionNode = FALSE
	EndGlobalSection
	GlobalSection(ExtensibilityGlobals) = postSolution
		SolutionGuid = {99D83E11-36A7-46C8-BDA8-6EC7BA9E18EF}
	EndGlobalSection
EndGlobal
